
Microsoft Visual Studio Solution File, Format Version 12.00
# Visual Studio Version 17
VisualStudioVersion = 17.11.35327.3
MinimumVisualStudioVersion = 10.0.40219.1
Project("{FAE04EC0-301F-11D3-BF4B-00C04F79EFBC}") = "Task 2", "Task 2\Task 2.csproj", "{CDE9E1DE-49AF-4DB1-840D-B065683C1569}"
EndProject
Global
	GlobalSection(SolutionConfigurationPlatforms) = preSolution
		Debug|Any CPU = Debug|Any CPU
		Release|Any CPU = Release|Any CPU
	EndGlobalSection
	GlobalSection(ProjectConfigurationPlatforms) = postSolution
		{CDE9E1DE-49AF-4DB1-840D-B065683C1569}.Debug|Any CPU.ActiveCfg = Debug|Any CPU
		{CDE9E1DE-49AF-4DB1-840D-B065683C1569}.Debug|Any CPU.Build.0 = Debug|Any CPU
		{CDE9E1DE-49AF-4DB1-840D-B065683C1569}.Release|Any CPU.ActiveCfg = Release|Any CPU
		{CDE9E1DE-49AF-4DB1-840D-B065683C1569}.Release|Any CPU.Build.0 = Release|Any CPU
	EndGlobalSection
	GlobalSection(SolutionProperties) = preSolution
		HideSolutionNode = FALSE
	EndGlobalSection
	GlobalSection(ExtensibilityGlobals) = postSolution
		SolutionGuid = {3D300FEE-187C-4369-88D0-68312AC64D91}
	EndGlobalSection
EndGlobal
